
Microsoft Visual Studio Solution File, Format Version 12.00
Project("{FAE04EC0-301F-11D3-BF4B-00C04F79EFBC}") = "TestGit", "TestGit\TestGit.csproj", "{2A3FEC77-AF67-49A0-A31B-6F255FBFC935}"
EndProject
Project("{FAE04EC0-301F-11D3-BF4B-00C04F79EFBC}") = "TestGit.Tests", "TestGit.Tests\TestGit.Tests.csproj", "{AC961C0E-84B0-4C68-8337-BA9856CB6223}"
EndProject
Global
	GlobalSection(SolutionConfigurationPlatforms) = preSolution
		Debug|Any CPU = Debug|Any CPU
		Release|Any CPU = Release|Any CPU
	EndGlobalSection
	GlobalSection(ProjectConfigurationPlatforms) = postSolution
		{2A3FEC77-AF67-49A0-A31B-6F255FBFC935}.Debug|Any CPU.ActiveCfg = Debug|Any CPU
		{2A3FEC77-AF67-49A0-A31B-6F255FBFC935}.Debug|Any CPU.Build.0 = Debug|Any CPU
		{2A3FEC77-AF67-49A0-A31B-6F255FBFC935}.Release|Any CPU.ActiveCfg = Release|Any CPU
		{2A3FEC77-AF67-49A0-A31B-6F255FBFC935}.Release|Any CPU.Build.0 = Release|Any CPU
		{AC961C0E-84B0-4C68-8337-BA9856CB6223}.Debug|Any CPU.ActiveCfg = Debug|Any CPU
		{AC961C0E-84B0-4C68-8337-BA9856CB6223}.Debug|Any CPU.Build.0 = Debug|Any CPU
		{AC961C0E-84B0-4C68-8337-BA9856CB6223}.Release|Any CPU.ActiveCfg = Release|Any CPU
		{AC961C0E-84B0-4C68-8337-BA9856CB6223}.Release|Any CPU.Build.0 = Release|Any CPU
	EndGlobalSection
EndGlobal
